
Microsoft Visual Studio Solution File, Format Version 12.00
# Visual Studio Version 16
VisualStudioVersion = 16.0.33214.272
MinimumVisualStudioVersion = 10.0.40219.1
Project("{FAE04EC0-301F-11D3-BF4B-00C04F79EFBC}") = "Ahorcado", "Ahorcado\Ahorcado.csproj", "{95AF58B3-50C6-4AB1-BDAC-F614F2E875B4}"
EndProject
Global
	GlobalSection(SolutionConfigurationPlatforms) = preSolution
		Debug|Any CPU = Debug|Any CPU
		Release|Any CPU = Release|Any CPU
	EndGlobalSection
	GlobalSection(ProjectConfigurationPlatforms) = postSolution
		{95AF58B3-50C6-4AB1-BDAC-F614F2E875B4}.Debug|Any CPU.ActiveCfg = Debug|Any CPU
		{95AF58B3-50C6-4AB1-BDAC-F614F2E875B4}.Debug|Any CPU.Build.0 = Debug|Any CPU
		{95AF58B3-50C6-4AB1-BDAC-F614F2E875B4}.Release|Any CPU.ActiveCfg = Release|Any CPU
		{95AF58B3-50C6-4AB1-BDAC-F614F2E875B4}.Release|Any CPU.Build.0 = Release|Any CPU
	EndGlobalSection
	GlobalSection(SolutionProperties) = preSolution
		HideSolutionNode = FALSE
	EndGlobalSection
	GlobalSection(ExtensibilityGlobals) = postSolution
		SolutionGuid = {D6FAA1AC-6FE0-4E74-921A-05EE62DC6F87}
	EndGlobalSection
EndGlobal
